
Microsoft Visual Studio Solution File, Format Version 12.00
# Visual Studio Version 17
VisualStudioVersion = 17.14.36221.1
MinimumVisualStudioVersion = 10.0.40219.1
Project("{FAE04EC0-301F-11D3-BF4B-00C04F79EFBC}") = "SmallShopBigAmbitions", "SmallShopBigAmbitions.csproj", "{3CCB43A8-B0E9-4D77-9C0D-21DD71965883}"
EndProject
Project("{FAE04EC0-301F-11D3-BF4B-00C04F79EFBC}") = "UnitTests", "..\UnitTests\UnitTests.csproj", "{CC3721FC-2014-4AD6-8B18-E995772F6261}"
EndProject
Project("{FAE04EC0-301F-11D3-BF4B-00C04F79EFBC}") = "CodeGen", "..\CodeGen\CodeGen.csproj", "{DB3B8091-774F-47D1-8881-4A0EC244716F}"
EndProject
Global
	GlobalSection(SolutionConfigurationPlatforms) = preSolution
		Debug|Any CPU = Debug|Any CPU
		Release|Any CPU = Release|Any CPU
	EndGlobalSection
	GlobalSection(ProjectConfigurationPlatforms) = postSolution
		{3CCB43A8-B0E9-4D77-9C0D-21DD71965883}.Debug|Any CPU.ActiveCfg = Debug|Any CPU
		{3CCB43A8-B0E9-4D77-9C0D-21DD71965883}.Debug|Any CPU.Build.0 = Debug|Any CPU
		{3CCB43A8-B0E9-4D77-9C0D-21DD71965883}.Release|Any CPU.ActiveCfg = Release|Any CPU
		{3CCB43A8-B0E9-4D77-9C0D-21DD71965883}.Release|Any CPU.Build.0 = Release|Any CPU
		{CC3721FC-2014-4AD6-8B18-E995772F6261}.Debug|Any CPU.ActiveCfg = Debug|Any CPU
		{CC3721FC-2014-4AD6-8B18-E995772F6261}.Debug|Any CPU.Build.0 = Debug|Any CPU
		{CC3721FC-2014-4AD6-8B18-E995772F6261}.Release|Any CPU.ActiveCfg = Release|Any CPU
		{CC3721FC-2014-4AD6-8B18-E995772F6261}.Release|Any CPU.Build.0 = Release|Any CPU
		{DB3B8091-774F-47D1-8881-4A0EC244716F}.Debug|Any CPU.ActiveCfg = Debug|Any CPU
		{DB3B8091-774F-47D1-8881-4A0EC244716F}.Debug|Any CPU.Build.0 = Debug|Any CPU
		{DB3B8091-774F-47D1-8881-4A0EC244716F}.Release|Any CPU.ActiveCfg = Release|Any CPU
		{DB3B8091-774F-47D1-8881-4A0EC244716F}.Release|Any CPU.Build.0 = Release|Any CPU
	EndGlobalSection
	GlobalSection(SolutionProperties) = preSolution
		HideSolutionNode = FALSE
	EndGlobalSection
	GlobalSection(ExtensibilityGlobals) = postSolution
		SolutionGuid = {D1964552-8B49-45DF-82CD-DD5F831C2714}
	EndGlobalSection
EndGlobal
